// !$*UTF8*$!
{
	archiveVersion = 1;
	classes = {
	};
	objectVersion = 77;
	objects = {

/* Begin PBXBuildFile section */
		07DC46C24DEC35D9B69BE5B4 /* MessagesViewController.swift in Sources */ = {isa = PBXBuildFile; fileRef = 613B4B639BA4F33304EEB52E /* MessagesViewController.swift */; };
		0A59CE0395DA0EF64B5BCB54 /* Assets.xcassets in Resources */ = {isa = PBXBuildFile; fileRef = 3DDDEED86234CE14A3E4209F /* Assets.xcassets */; };
		4A3EF568CA713244381239E9 /* GifsterCore in Frameworks */ = {isa = PBXBuildFile; productRef = 6A82306824D0D3EDAA1E7977 /* GifsterCore */; };
		5119284615B60A30C86D6446 /* PhotosUI.framework in Frameworks */ = {isa = PBXBuildFile; fileRef = 3D2F86DCCD80316C8E45E4D6 /* PhotosUI.framework */; };
		63ACDC54DBFC0F8711146AAE /* MessagesAppView.swift in Sources */ = {isa = PBXBuildFile; fileRef = 98B72AD6DBB7EC039FF5AA80 /* MessagesAppView.swift */; };
		8DE6E0485D61F2C2C5F59D57 /* MessagesComposerModel.swift in Sources */ = {isa = PBXBuildFile; fileRef = B59FC4BED8D45DCFD8352720 /* MessagesComposerModel.swift */; };
		9F74946A1358D90587FAEAEB /* WebKit.framework in Frameworks */ = {isa = PBXBuildFile; fileRef = 736984DD7E711547CC8CF244 /* WebKit.framework */; };
		A1A068ECEA06AD572F544FCC /* Assets.xcassets in Resources */ = {isa = PBXBuildFile; fileRef = F72FBCA208583CA76313D83B /* Assets.xcassets */; };
		B18B93BC7F937D41A25A7F94 /* GifsterCore in Frameworks */ = {isa = PBXBuildFile; productRef = CE360B7F563E5833C25B25D1 /* GifsterCore */; };
		CD966FE1F81D70AC70A56126 /* GifsterMessagesExtension.appex in Embed Foundation Extensions */ = {isa = PBXBuildFile; fileRef = BC1E74B6A3ED274823A6D10C /* GifsterMessagesExtension.appex */; settings = {ATTRIBUTES = (RemoveHeadersOnCopy, ); }; };
		CE2ED75DBB50BBDC60A72867 /* UIKit.framework in Frameworks */ = {isa = PBXBuildFile; fileRef = 2422E58F2BB9B1E14D2A5476 /* UIKit.framework */; };
		CF7CC23EEBF85C72219D2E4C /* Messages.framework in Frameworks */ = {isa = PBXBuildFile; fileRef = 107DF9FD9E8DC40CA2841EC8 /* Messages.framework */; };
		E597120AFF85F3FD50D86320 /* AppShellView.swift in Sources */ = {isa = PBXBuildFile; fileRef = DEC7F3E67CC09A5902404721 /* AppShellView.swift */; };
		EC6206F87274DF134CA26832 /* GifsterApp.swift in Sources */ = {isa = PBXBuildFile; fileRef = 1709DE858C468C3CD8148278 /* GifsterApp.swift */; };
/* End PBXBuildFile section */

/* Begin PBXContainerItemProxy section */
		B948F0AEA75EBF705AA62D85 /* PBXContainerItemProxy */ = {
			isa = PBXContainerItemProxy;
			containerPortal = 40C1470BC67E46CCC6BB05E0 /* Project object */;
			proxyType = 1;
			remoteGlobalIDString = 955991F789068DB3B1888722;
			remoteInfo = GifsterMessagesExtension;
		};
/* End PBXContainerItemProxy section */

/* Begin PBXCopyFilesBuildPhase section */
		6EEE670505C1D2537961861A /* Embed Foundation Extensions */ = {
			isa = PBXCopyFilesBuildPhase;
			buildActionMask = 2147483647;
			dstPath = "";
			dstSubfolderSpec = 13;
			files = (
				CD966FE1F81D70AC70A56126 /* GifsterMessagesExtension.appex in Embed Foundation Extensions */,
			);
			name = "Embed Foundation Extensions";
			runOnlyForDeploymentPostprocessing = 0;
		};
/* End PBXCopyFilesBuildPhase section */

/* Begin PBXFileReference section */
		026E2475519DF1DB8CD9B01D /* Gifster.entitlements */ = {isa = PBXFileReference; lastKnownFileType = text.plist.entitlements; path = Gifster.entitlements; sourceTree = "<group>"; };
		107DF9FD9E8DC40CA2841EC8 /* Messages.framework */ = {isa = PBXFileReference; lastKnownFileType = wrapper.framework; name = Messages.framework; path = System/Library/Frameworks/Messages.framework; sourceTree = SDKROOT; };
		1709DE858C468C3CD8148278 /* GifsterApp.swift */ = {isa = PBXFileReference; lastKnownFileType = sourcecode.swift; path = GifsterApp.swift; sourceTree = "<group>"; };
		1B80D2B6F967FF61AD96E21B /* Info.plist */ = {isa = PBXFileReference; lastKnownFileType = text.plist; path = Info.plist; sourceTree = "<group>"; };
		2422E58F2BB9B1E14D2A5476 /* UIKit.framework */ = {isa = PBXFileReference; lastKnownFileType = wrapper.framework; name = UIKit.framework; path = System/Library/Frameworks/UIKit.framework; sourceTree = SDKROOT; };
		3D2F86DCCD80316C8E45E4D6 /* PhotosUI.framework */ = {isa = PBXFileReference; lastKnownFileType = wrapper.framework; name = PhotosUI.framework; path = System/Library/Frameworks/PhotosUI.framework; sourceTree = SDKROOT; };
		3DDDEED86234CE14A3E4209F /* Assets.xcassets */ = {isa = PBXFileReference; lastKnownFileType = folder.assetcatalog; path = Assets.xcassets; sourceTree = "<group>"; };
		613B4B639BA4F33304EEB52E /* MessagesViewController.swift */ = {isa = PBXFileReference; lastKnownFileType = sourcecode.swift; path = MessagesViewController.swift; sourceTree = "<group>"; };
		736984DD7E711547CC8CF244 /* WebKit.framework */ = {isa = PBXFileReference; lastKnownFileType = wrapper.framework; name = WebKit.framework; path = System/Library/Frameworks/WebKit.framework; sourceTree = SDKROOT; };
		98B72AD6DBB7EC039FF5AA80 /* MessagesAppView.swift */ = {isa = PBXFileReference; lastKnownFileType = sourcecode.swift; path = MessagesAppView.swift; sourceTree = "<group>"; };
		B59FC4BED8D45DCFD8352720 /* MessagesComposerModel.swift */ = {isa = PBXFileReference; lastKnownFileType = sourcecode.swift; path = MessagesComposerModel.swift; sourceTree = "<group>"; };
		B77E9782E01428F6CED29C59 /* GifsterMessages.entitlements */ = {isa = PBXFileReference; lastKnownFileType = text.plist.entitlements; path = GifsterMessages.entitlements; sourceTree = "<group>"; };
		BC1E74B6A3ED274823A6D10C /* GifsterMessagesExtension.appex */ = {isa = PBXFileReference; includeInIndex = 0; lastKnownFileType = "wrapper.app-extension"; path = GifsterMessagesExtension.appex; sourceTree = BUILT_PRODUCTS_DIR; };
		BD3D58F1DB8ED1CCBBF95DCF /* GifsterCore */ = {isa = PBXFileReference; lastKnownFileType = folder; name = GifsterCore; path = Packages/GifsterCore; sourceTree = SOURCE_ROOT; };
		D2D62A9DBB4D0DB46B87F190 /* Info.plist */ = {isa = PBXFileReference; lastKnownFileType = text.plist; path = Info.plist; sourceTree = "<group>"; };
		DEC7F3E67CC09A5902404721 /* AppShellView.swift */ = {isa = PBXFileReference; lastKnownFileType = sourcecode.swift; path = AppShellView.swift; sourceTree = "<group>"; };
		F08961A4FC1B1FB642039A55 /* Gifster.app */ = {isa = PBXFileReference; includeInIndex = 0; lastKnownFileType = wrapper.application; path = Gifster.app; sourceTree = BUILT_PRODUCTS_DIR; };
		F72FBCA208583CA76313D83B /* Assets.xcassets */ = {isa = PBXFileReference; lastKnownFileType = folder.assetcatalog; path = Assets.xcassets; sourceTree = "<group>"; };
/* End PBXFileReference section */

/* Begin PBXFrameworksBuildPhase section */
		817CFD1BAA7142AB1A0AF76A /* Frameworks */ = {
			isa = PBXFrameworksBuildPhase;
			buildActionMask = 2147483647;
			files = (
				B18B93BC7F937D41A25A7F94 /* GifsterCore in Frameworks */,
				CF7CC23EEBF85C72219D2E4C /* Messages.framework in Frameworks */,
				5119284615B60A30C86D6446 /* PhotosUI.framework in Frameworks */,
				CE2ED75DBB50BBDC60A72867 /* UIKit.framework in Frameworks */,
				9F74946A1358D90587FAEAEB /* WebKit.framework in Frameworks */,
			);
			runOnlyForDeploymentPostprocessing = 0;
		};
		B6D67683E25A4CDB13FC351E /* Frameworks */ = {
			isa = PBXFrameworksBuildPhase;
			buildActionMask = 2147483647;
			files = (
				4A3EF568CA713244381239E9 /* GifsterCore in Frameworks */,
			);
			runOnlyForDeploymentPostprocessing = 0;
		};
/* End PBXFrameworksBuildPhase section */

/* Begin PBXGroup section */
		0E3DD310C6DFA47A7CBB4D5C /* Gifster */ = {
			isa = PBXGroup;
			children = (
				DEC7F3E67CC09A5902404721 /* AppShellView.swift */,
				3DDDEED86234CE14A3E4209F /* Assets.xcassets */,
				026E2475519DF1DB8CD9B01D /* Gifster.entitlements */,
				1709DE858C468C3CD8148278 /* GifsterApp.swift */,
				1B80D2B6F967FF61AD96E21B /* Info.plist */,
			);
			path = Gifster;
			sourceTree = "<group>";
		};
		186444C7621DB6B8F76EEF66 /* Packages */ = {
			isa = PBXGroup;
			children = (
				BD3D58F1DB8ED1CCBBF95DCF /* GifsterCore */,
			);
			path = Packages;
			sourceTree = "<group>";
		};
		7886E4D0D1B7B3E2509DBCC3 /* App */ = {
			isa = PBXGroup;
			children = (
				0E3DD310C6DFA47A7CBB4D5C /* Gifster */,
			);
			path = App;
			sourceTree = "<group>";
		};
		7ED2019207E2727852392826 /* Frameworks */ = {
			isa = PBXGroup;
			children = (
				107DF9FD9E8DC40CA2841EC8 /* Messages.framework */,
				3D2F86DCCD80316C8E45E4D6 /* PhotosUI.framework */,
				2422E58F2BB9B1E14D2A5476 /* UIKit.framework */,
				736984DD7E711547CC8CF244 /* WebKit.framework */,
			);
			name = Frameworks;
			sourceTree = "<group>";
		};
		B1AEEB53E1806EC2FD45FBE2 /* GifsterMessages */ = {
			isa = PBXGroup;
			children = (
				F72FBCA208583CA76313D83B /* Assets.xcassets */,
				B77E9782E01428F6CED29C59 /* GifsterMessages.entitlements */,
				D2D62A9DBB4D0DB46B87F190 /* Info.plist */,
				98B72AD6DBB7EC039FF5AA80 /* MessagesAppView.swift */,
				B59FC4BED8D45DCFD8352720 /* MessagesComposerModel.swift */,
				613B4B639BA4F33304EEB52E /* MessagesViewController.swift */,
			);
			path = GifsterMessages;
			sourceTree = "<group>";
		};
		B823DA71172D269F41141ADE /* Products */ = {
			isa = PBXGroup;
			children = (
				F08961A4FC1B1FB642039A55 /* Gifster.app */,
				BC1E74B6A3ED274823A6D10C /* GifsterMessagesExtension.appex */,
			);
			name = Products;
			sourceTree = "<group>";
		};
		B962952326560E3E9E60F247 /* Extensions */ = {
			isa = PBXGroup;
			children = (
				B1AEEB53E1806EC2FD45FBE2 /* GifsterMessages */,
			);
			path = Extensions;
			sourceTree = "<group>";
		};
		D1A9CFBCFAFD0C32D8BBF8B3 = {
			isa = PBXGroup;
			children = (
				7886E4D0D1B7B3E2509DBCC3 /* App */,
				B962952326560E3E9E60F247 /* Extensions */,
				186444C7621DB6B8F76EEF66 /* Packages */,
				7ED2019207E2727852392826 /* Frameworks */,
				B823DA71172D269F41141ADE /* Products */,
			);
			sourceTree = "<group>";
		};
/* End PBXGroup section */

/* Begin PBXNativeTarget section */
		55A1718D1961E2E6FAB62F84 /* Gifster */ = {
			isa = PBXNativeTarget;
			buildConfigurationList = 8E4CAB18DE3B4B4BE849992B /* Build configuration list for PBXNativeTarget "Gifster" */;
			buildPhases = (
				64DF6CFD65D9A10BD8A91FE7 /* Sources */,
				0D392AFE0C47BBE7AE3EDCE5 /* Resources */,
				B6D67683E25A4CDB13FC351E /* Frameworks */,
				6EEE670505C1D2537961861A /* Embed Foundation Extensions */,
			);
			buildRules = (
			);
			dependencies = (
				8A23E51361447CA59DE82E91 /* PBXTargetDependency */,
			);
			name = Gifster;
			packageProductDependencies = (
				6A82306824D0D3EDAA1E7977 /* GifsterCore */,
			);
			productName = Gifster;
			productReference = F08961A4FC1B1FB642039A55 /* Gifster.app */;
			productType = "com.apple.product-type.application";
		};
		955991F789068DB3B1888722 /* GifsterMessagesExtension */ = {
			isa = PBXNativeTarget;
			buildConfigurationList = 7C62C0A2A2042DDADF8C7266 /* Build configuration list for PBXNativeTarget "GifsterMessagesExtension" */;
			buildPhases = (
				81DDB8C3A1AE36B07CDB0586 /* Sources */,
				83B7DAF044269D22D2C2E824 /* Resources */,
				817CFD1BAA7142AB1A0AF76A /* Frameworks */,
			);
			buildRules = (
			);
			dependencies = (
			);
			name = GifsterMessagesExtension;
			packageProductDependencies = (
				CE360B7F563E5833C25B25D1 /* GifsterCore */,
			);
			productName = GifsterMessagesExtension;
			productReference = BC1E74B6A3ED274823A6D10C /* GifsterMessagesExtension.appex */;
			productType = "com.apple.product-type.app-extension.messages";
		};
/* End PBXNativeTarget section */

/* Begin PBXProject section */
		40C1470BC67E46CCC6BB05E0 /* Project object */ = {
			isa = PBXProject;
			attributes = {
				BuildIndependentTargetsInParallel = YES;
				LastUpgradeCheck = 2650;
				TargetAttributes = {
				};
			};
			buildConfigurationList = 71222937CBFAB7E7F02F210D /* Build configuration list for PBXProject "Gifster" */;
			developmentRegion = en;
			hasScannedForEncodings = 0;
			knownRegions = (
				Base,
				en,
			);
			mainGroup = D1A9CFBCFAFD0C32D8BBF8B3;
			minimizedProjectReferenceProxies = 1;
			packageReferences = (
				42198C211516B412833A7A32 /* XCLocalSwiftPackageReference "Packages/GifsterCore" */,
			);
			preferredProjectObjectVersion = 77;
			productRefGroup = B823DA71172D269F41141ADE /* Products */;
			projectDirPath = "";
			projectRoot = "";
			targets = (
				55A1718D1961E2E6FAB62F84 /* Gifster */,
				955991F789068DB3B1888722 /* GifsterMessagesExtension */,
			);
		};
/* End PBXProject section */

/* Begin PBXResourcesBuildPhase section */
		0D392AFE0C47BBE7AE3EDCE5 /* Resources */ = {
			isa = PBXResourcesBuildPhase;
			buildActionMask = 2147483647;
			files = (
				0A59CE0395DA0EF64B5BCB54 /* Assets.xcassets in Resources */,
			);
			runOnlyForDeploymentPostprocessing = 0;
		};
		83B7DAF044269D22D2C2E824 /* Resources */ = {
			isa = PBXResourcesBuildPhase;
			buildActionMask = 2147483647;
			files = (
				A1A068ECEA06AD572F544FCC /* Assets.xcassets in Resources */,
			);
			runOnlyForDeploymentPostprocessing = 0;
		};
/* End PBXResourcesBuildPhase section */

/* Begin PBXSourcesBuildPhase section */
		64DF6CFD65D9A10BD8A91FE7 /* Sources */ = {
			isa = PBXSourcesBuildPhase;
			buildActionMask = 2147483647;
			files = (
				E597120AFF85F3FD50D86320 /* AppShellView.swift in Sources */,
				EC6206F87274DF134CA26832 /* GifsterApp.swift in Sources */,
			);
			runOnlyForDeploymentPostprocessing = 0;
		};
		81DDB8C3A1AE36B07CDB0586 /* Sources */ = {
			isa = PBXSourcesBuildPhase;
			buildActionMask = 2147483647;
			files = (
				63ACDC54DBFC0F8711146AAE /* MessagesAppView.swift in Sources */,
				8DE6E0485D61F2C2C5F59D57 /* MessagesComposerModel.swift in Sources */,
				07DC46C24DEC35D9B69BE5B4 /* MessagesViewController.swift in Sources */,
			);
			runOnlyForDeploymentPostprocessing = 0;
		};
/* End PBXSourcesBuildPhase section */

/* Begin PBXTargetDependency section */
		8A23E51361447CA59DE82E91 /* PBXTargetDependency */ = {
			isa = PBXTargetDependency;
			target = 955991F789068DB3B1888722 /* GifsterMessagesExtension */;
			targetProxy = B948F0AEA75EBF705AA62D85 /* PBXContainerItemProxy */;
		};
/* End PBXTargetDependency section */

/* Begin XCBuildConfiguration section */
		2CC9EF6E01E09FCD367C8F5A /* Release */ = {
			isa = XCBuildConfiguration;
			buildSettings = {
				APPLICATION_EXTENSION_API_ONLY = YES;
				ASSETCATALOG_COMPILER_APPICON_NAME = "iMessage App Icon";
				CODE_SIGN_ENTITLEMENTS = Extensions/GifsterMessages/GifsterMessages.entitlements;
				INFOPLIST_FILE = Extensions/GifsterMessages/Info.plist;
				LD_RUNPATH_SEARCH_PATHS = (
					"$(inherited)",
					"@executable_path/Frameworks",
					"@executable_path/../../Frameworks",
				);
				PRODUCT_BUNDLE_IDENTIFIER = dev.ericslutz.Gifster.MessagesExtension;
				PRODUCT_NAME = GifsterMessagesExtension;
				SDKROOT = iphoneos;
				SKIP_INSTALL = YES;
				TARGETED_DEVICE_FAMILY = "1,2";
			};
			name = Release;
		};
		38B7FF853F0724C5FFF33379 /* Debug */ = {
			isa = XCBuildConfiguration;
			buildSettings = {
				ALWAYS_SEARCH_USER_PATHS = NO;
				CLANG_ANALYZER_LOCALIZABILITY_NONLOCALIZED = YES;
				CLANG_ANALYZER_NONNULL = YES;
				CLANG_ANALYZER_NUMBER_OBJECT_CONVERSION = YES_AGGRESSIVE;
				CLANG_CXX_LANGUAGE_STANDARD = "gnu++14";
				CLANG_CXX_LIBRARY = "libc++";
				CLANG_ENABLE_MODULES = YES;
				CLANG_ENABLE_OBJC_ARC = YES;
				CLANG_ENABLE_OBJC_WEAK = YES;
				CLANG_WARN_BLOCK_CAPTURE_AUTORELEASING = YES;
				CLANG_WARN_BOOL_CONVERSION = YES;
				CLANG_WARN_COMMA = YES;
				CLANG_WARN_CONSTANT_CONVERSION = YES;
				CLANG_WARN_DEPRECATED_OBJC_IMPLEMENTATIONS = YES;
				CLANG_WARN_DIRECT_OBJC_ISA_USAGE = YES_ERROR;
				CLANG_WARN_DOCUMENTATION_COMMENTS = YES;
				CLANG_WARN_EMPTY_BODY = YES;
				CLANG_WARN_ENUM_CONVERSION = YES;
				CLANG_WARN_INFINITE_RECURSION = YES;
				CLANG_WARN_INT_CONVERSION = YES;
				CLANG_WARN_NON_LITERAL_NULL_CONVERSION = YES;
				CLANG_WARN_OBJC_IMPLICIT_RETAIN_SELF = YES;
				CLANG_WARN_OBJC_LITERAL_CONVERSION = YES;
				CLANG_WARN_OBJC_ROOT_CLASS = YES_ERROR;
				CLANG_WARN_QUOTED_INCLUDE_IN_FRAMEWORK_HEADER = YES;
				CLANG_WARN_RANGE_LOOP_ANALYSIS = YES;
				CLANG_WARN_STRICT_PROTOTYPES = YES;
				CLANG_WARN_SUSPICIOUS_MOVE = YES;
				CLANG_WARN_UNGUARDED_AVAILABILITY = YES_AGGRESSIVE;
				CLANG_WARN_UNREACHABLE_CODE = YES;
				CLANG_WARN__DUPLICATE_METHOD_MATCH = YES;
				COPY_PHASE_STRIP = NO;
				CURRENT_PROJECT_VERSION = 1;
				DEBUG_INFORMATION_FORMAT = dwarf;
				ENABLE_STRICT_OBJC_MSGSEND = YES;
				ENABLE_TESTABILITY = YES;
				GCC_C_LANGUAGE_STANDARD = gnu11;
				GCC_DYNAMIC_NO_PIC = NO;
				GCC_NO_COMMON_BLOCKS = YES;
				GCC_OPTIMIZATION_LEVEL = 0;
				GCC_PREPROCESSOR_DEFINITIONS = (
					"$(inherited)",
					"DEBUG=1",
				);
				GCC_WARN_64_TO_32_BIT_CONVERSION = YES;
				GCC_WARN_ABOUT_RETURN_TYPE = YES_ERROR;
				GCC_WARN_UNDECLARED_SELECTOR = YES;
				GCC_WARN_UNINITIALIZED_AUTOS = YES_AGGRESSIVE;
				GCC_WARN_UNUSED_FUNCTION = YES;
				GCC_WARN_UNUSED_VARIABLE = YES;
				GENERATE_INFOPLIST_FILE = NO;
				IPHONEOS_DEPLOYMENT_TARGET = 26.5;
				MARKETING_VERSION = 0.1.0;
				MTL_ENABLE_DEBUG_INFO = INCLUDE_SOURCE;
				MTL_FAST_MATH = YES;
				ONLY_ACTIVE_ARCH = YES;
				PRODUCT_NAME = "$(TARGET_NAME)";
				SDKROOT = iphoneos;
				SWIFT_ACTIVE_COMPILATION_CONDITIONS = DEBUG;
				SWIFT_OPTIMIZATION_LEVEL = "-Onone";
				SWIFT_VERSION = 6.0;
			};
			name = Debug;
		};
		620F6271F1A11D3ECAD25887 /* Release */ = {
			isa = XCBuildConfiguration;
			buildSettings = {
				ALWAYS_SEARCH_USER_PATHS = NO;
				CLANG_ANALYZER_LOCALIZABILITY_NONLOCALIZED = YES;
				CLANG_ANALYZER_NONNULL = YES;
				CLANG_ANALYZER_NUMBER_OBJECT_CONVERSION = YES_AGGRESSIVE;
				CLANG_CXX_LANGUAGE_STANDARD = "gnu++14";
				CLANG_CXX_LIBRARY = "libc++";
				CLANG_ENABLE_MODULES = YES;
				CLANG_ENABLE_OBJC_ARC = YES;
				CLANG_ENABLE_OBJC_WEAK = YES;
				CLANG_WARN_BLOCK_CAPTURE_AUTORELEASING = YES;
				CLANG_WARN_BOOL_CONVERSION = YES;
				CLANG_WARN_COMMA = YES;
				CLANG_WARN_CONSTANT_CONVERSION = YES;
				CLANG_WARN_DEPRECATED_OBJC_IMPLEMENTATIONS = YES;
				CLANG_WARN_DIRECT_OBJC_ISA_USAGE = YES_ERROR;
				CLANG_WARN_DOCUMENTATION_COMMENTS = YES;
				CLANG_WARN_EMPTY_BODY = YES;
				CLANG_WARN_ENUM_CONVERSION = YES;
				CLANG_WARN_INFINITE_RECURSION = YES;
				CLANG_WARN_INT_CONVERSION = YES;
				CLANG_WARN_NON_LITERAL_NULL_CONVERSION = YES;
				CLANG_WARN_OBJC_IMPLICIT_RETAIN_SELF = YES;
				CLANG_WARN_OBJC_LITERAL_CONVERSION = YES;
				CLANG_WARN_OBJC_ROOT_CLASS = YES_ERROR;
				CLANG_WARN_QUOTED_INCLUDE_IN_FRAMEWORK_HEADER = YES;
				CLANG_WARN_RANGE_LOOP_ANALYSIS = YES;
				CLANG_WARN_STRICT_PROTOTYPES = YES;
				CLANG_WARN_SUSPICIOUS_MOVE = YES;
				CLANG_WARN_UNGUARDED_AVAILABILITY = YES_AGGRESSIVE;
				CLANG_WARN_UNREACHABLE_CODE = YES;
				CLANG_WARN__DUPLICATE_METHOD_MATCH = YES;
				COPY_PHASE_STRIP = NO;
				CURRENT_PROJECT_VERSION = 1;
				DEBUG_INFORMATION_FORMAT = "dwarf-with-dsym";
				ENABLE_NS_ASSERTIONS = NO;
				ENABLE_STRICT_OBJC_MSGSEND = YES;
				GCC_C_LANGUAGE_STANDARD = gnu11;
				GCC_NO_COMMON_BLOCKS = YES;
				GCC_WARN_64_TO_32_BIT_CONVERSION = YES;
				GCC_WARN_ABOUT_RETURN_TYPE = YES_ERROR;
				GCC_WARN_UNDECLARED_SELECTOR = YES;
				GCC_WARN_UNINITIALIZED_AUTOS = YES_AGGRESSIVE;
				GCC_WARN_UNUSED_FUNCTION = YES;
				GCC_WARN_UNUSED_VARIABLE = YES;
				GENERATE_INFOPLIST_FILE = NO;
				IPHONEOS_DEPLOYMENT_TARGET = 26.5;
				MARKETING_VERSION = 0.1.0;
				MTL_ENABLE_DEBUG_INFO = NO;
				MTL_FAST_MATH = YES;
				PRODUCT_NAME = "$(TARGET_NAME)";
				SDKROOT = iphoneos;
				SWIFT_COMPILATION_MODE = wholemodule;
				SWIFT_OPTIMIZATION_LEVEL = "-O";
				SWIFT_VERSION = 6.0;
			};
			name = Release;
		};
		66DA65CB37E9DDC36B5219AD /* Debug */ = {
			isa = XCBuildConfiguration;
			buildSettings = {
				ASSETCATALOG_COMPILER_APPICON_NAME = AppIcon;
				CODE_SIGN_ENTITLEMENTS = App/Gifster/Gifster.entitlements;
				CODE_SIGN_IDENTITY = "iPhone Developer";
				INFOPLIST_FILE = App/Gifster/Info.plist;
				LD_RUNPATH_SEARCH_PATHS = (
					"$(inherited)",
					"@executable_path/Frameworks",
				);
				PRODUCT_BUNDLE_IDENTIFIER = dev.ericslutz.Gifster;
				PRODUCT_NAME = Gifster;
				SDKROOT = iphoneos;
				TARGETED_DEVICE_FAMILY = "1,2";
			};
			name = Debug;
		};
		799C9FDE36AFAB62F1BB2156 /* Release */ = {
			isa = XCBuildConfiguration;
			buildSettings = {
				ASSETCATALOG_COMPILER_APPICON_NAME = AppIcon;
				CODE_SIGN_ENTITLEMENTS = App/Gifster/Gifster.entitlements;
				CODE_SIGN_IDENTITY = "iPhone Developer";
				INFOPLIST_FILE = App/Gifster/Info.plist;
				LD_RUNPATH_SEARCH_PATHS = (
					"$(inherited)",
					"@executable_path/Frameworks",
				);
				PRODUCT_BUNDLE_IDENTIFIER = dev.ericslutz.Gifster;
				PRODUCT_NAME = Gifster;
				SDKROOT = iphoneos;
				TARGETED_DEVICE_FAMILY = "1,2";
			};
			name = Release;
		};
		A3A4726EA8A565EE1B4D76E5 /* Debug */ = {
			isa = XCBuildConfiguration;
			buildSettings = {
				APPLICATION_EXTENSION_API_ONLY = YES;
				ASSETCATALOG_COMPILER_APPICON_NAME = "iMessage App Icon";
				CODE_SIGN_ENTITLEMENTS = Extensions/GifsterMessages/GifsterMessages.entitlements;
				INFOPLIST_FILE = Extensions/GifsterMessages/Info.plist;
				LD_RUNPATH_SEARCH_PATHS = (
					"$(inherited)",
					"@executable_path/Frameworks",
					"@executable_path/../../Frameworks",
				);
				PRODUCT_BUNDLE_IDENTIFIER = dev.ericslutz.Gifster.MessagesExtension;
				PRODUCT_NAME = GifsterMessagesExtension;
				SDKROOT = iphoneos;
				SKIP_INSTALL = YES;
				TARGETED_DEVICE_FAMILY = "1,2";
			};
			name = Debug;
		};
/* End XCBuildConfiguration section */

/* Begin XCConfigurationList section */
		71222937CBFAB7E7F02F210D /* Build configuration list for PBXProject "Gifster" */ = {
			isa = XCConfigurationList;
			buildConfigurations = (
				38B7FF853F0724C5FFF33379 /* Debug */,
				620F6271F1A11D3ECAD25887 /* Release */,
			);
			defaultConfigurationIsVisible = 0;
			defaultConfigurationName = Debug;
		};
		7C62C0A2A2042DDADF8C7266 /* Build configuration list for PBXNativeTarget "GifsterMessagesExtension" */ = {
			isa = XCConfigurationList;
			buildConfigurations = (
				A3A4726EA8A565EE1B4D76E5 /* Debug */,
				2CC9EF6E01E09FCD367C8F5A /* Release */,
			);
			defaultConfigurationIsVisible = 0;
			defaultConfigurationName = Debug;
		};
		8E4CAB18DE3B4B4BE849992B /* Build configuration list for PBXNativeTarget "Gifster" */ = {
			isa = XCConfigurationList;
			buildConfigurations = (
				66DA65CB37E9DDC36B5219AD /* Debug */,
				799C9FDE36AFAB62F1BB2156 /* Release */,
			);
			defaultConfigurationIsVisible = 0;
			defaultConfigurationName = Debug;
		};
/* End XCConfigurationList section */

/* Begin XCLocalSwiftPackageReference section */
		42198C211516B412833A7A32 /* XCLocalSwiftPackageReference "Packages/GifsterCore" */ = {
			isa = XCLocalSwiftPackageReference;
			relativePath = Packages/GifsterCore;
		};
/* End XCLocalSwiftPackageReference section */

/* Begin XCSwiftPackageProductDependency section */
		6A82306824D0D3EDAA1E7977 /* GifsterCore */ = {
			isa = XCSwiftPackageProductDependency;
			productName = GifsterCore;
		};
		CE360B7F563E5833C25B25D1 /* GifsterCore */ = {
			isa = XCSwiftPackageProductDependency;
			productName = GifsterCore;
		};
/* End XCSwiftPackageProductDependency section */
	};
	rootObject = 40C1470BC67E46CCC6BB05E0 /* Project object */;
}
